
Microsoft Visual Studio Solution File, Format Version 12.00
# Visual Studio Version 18
VisualStudioVersion = 18.5.11723.231 stable
MinimumVisualStudioVersion = 10.0.40219.1
Project("{FAE04EC0-301F-11D3-BF4B-00C04F79EFBC}") = "Client", "Client\Client.csproj", "{8C315969-9275-4EFF-91E3-3E28D8BD2F28}"
EndProject
Project("{FAE04EC0-301F-11D3-BF4B-00C04F79EFBC}") = "Common", "Common\Common.csproj", "{057D40DF-D1D2-44DF-B19A-0EACFF9DF362}"
EndProject
Project("{FAE04EC0-301F-11D3-BF4B-00C04F79EFBC}") = "Server", "Server\Server.csproj", "{AC8ED457-557D-4BD6-B6D6-A367A355F5FD}"
EndProject
Global
	GlobalSection(SolutionConfigurationPlatforms) = preSolution
		Debug|Any CPU = Debug|Any CPU
		Release|Any CPU = Release|Any CPU
	EndGlobalSection
	GlobalSection(ProjectConfigurationPlatforms) = postSolution
		{8C315969-9275-4EFF-91E3-3E28D8BD2F28}.Debug|Any CPU.ActiveCfg = Debug|Any CPU
		{8C315969-9275-4EFF-91E3-3E28D8BD2F28}.Debug|Any CPU.Build.0 = Debug|Any CPU
		{8C315969-9275-4EFF-91E3-3E28D8BD2F28}.Release|Any CPU.ActiveCfg = Release|Any CPU
		{8C315969-9275-4EFF-91E3-3E28D8BD2F28}.Release|Any CPU.Build.0 = Release|Any CPU
		{057D40DF-D1D2-44DF-B19A-0EACFF9DF362}.Debug|Any CPU.ActiveCfg = Debug|Any CPU
		{057D40DF-D1D2-44DF-B19A-0EACFF9DF362}.Debug|Any CPU.Build.0 = Debug|Any CPU
		{057D40DF-D1D2-44DF-B19A-0EACFF9DF362}.Release|Any CPU.ActiveCfg = Release|Any CPU
		{057D40DF-D1D2-44DF-B19A-0EACFF9DF362}.Release|Any CPU.Build.0 = Release|Any CPU
		{AC8ED457-557D-4BD6-B6D6-A367A355F5FD}.Debug|Any CPU.ActiveCfg = Debug|Any CPU
		{AC8ED457-557D-4BD6-B6D6-A367A355F5FD}.Debug|Any CPU.Build.0 = Debug|Any CPU
		{AC8ED457-557D-4BD6-B6D6-A367A355F5FD}.Release|Any CPU.ActiveCfg = Release|Any CPU
		{AC8ED457-557D-4BD6-B6D6-A367A355F5FD}.Release|Any CPU.Build.0 = Release|Any CPU
	EndGlobalSection
	GlobalSection(SolutionProperties) = preSolution
		HideSolutionNode = FALSE
	EndGlobalSection
EndGlobal
